
Microsoft Visual Studio Solution File, Format Version 12.00
# Visual Studio Version 17
VisualStudioVersion = 17.0.31903.59
MinimumVisualStudioVersion = 10.0.40219.1
Project("{2150E333-8FDC-42A3-9474-1A3956D46DE8}") = "src", "src", "{827E0CD3-B72D-47B6-A68D-7590B98EB39B}"
EndProject
Project("{FAE04EC0-301F-11D3-BF4B-00C04F79EFBC}") = "Api", "src\Api\Api.csproj", "{32BB7C56-BEAD-4869-AF80-FF8A00564736}"
EndProject
Project("{FAE04EC0-301F-11D3-BF4B-00C04F79EFBC}") = "Domain", "src\Domain\Domain.csproj", "{3A8DE72E-FA93-4A04-BD5F-DAA78C7FF52E}"
EndProject
Project("{FAE04EC0-301F-11D3-BF4B-00C04F79EFBC}") = "Application", "src\Application\Application.csproj", "{52784A37-B4CE-4DB1-A754-9944423383E6}"
EndProject
Project("{FAE04EC0-301F-11D3-BF4B-00C04F79EFBC}") = "Infrastructure", "src\Infrastructure\Infrastructure.csproj", "{11717283-4D76-482B-8A92-6C5BA1FCA705}"
EndProject
Project("{2150E333-8FDC-42A3-9474-1A3956D46DE8}") = "tests", "tests", "{0AB3BF05-4346-4AA6-1389-037BE0695223}"
EndProject
Project("{FAE04EC0-301F-11D3-BF4B-00C04F79EFBC}") = "Unit", "tests\Unit\Unit.csproj", "{A0106EA9-4B33-4E9D-958C-85880357DAA9}"
EndProject
Project("{FAE04EC0-301F-11D3-BF4B-00C04F79EFBC}") = "Integration", "tests\Integration\Integration.csproj", "{DBFF2679-6D42-4220-8FD4-6055D3B32436}"
EndProject
Global
	GlobalSection(SolutionConfigurationPlatforms) = preSolution
		Debug|Any CPU = Debug|Any CPU
		Debug|x64 = Debug|x64
		Debug|x86 = Debug|x86
		Release|Any CPU = Release|Any CPU
		Release|x64 = Release|x64
		Release|x86 = Release|x86
	EndGlobalSection
	GlobalSection(ProjectConfigurationPlatforms) = postSolution
		{32BB7C56-BEAD-4869-AF80-FF8A00564736}.Debug|Any CPU.ActiveCfg = Debug|Any CPU
		{32BB7C56-BEAD-4869-AF80-FF8A00564736}.Debug|Any CPU.Build.0 = Debug|Any CPU
		{32BB7C56-BEAD-4869-AF80-FF8A00564736}.Debug|x64.ActiveCfg = Debug|Any CPU
		{32BB7C56-BEAD-4869-AF80-FF8A00564736}.Debug|x64.Build.0 = Debug|Any CPU
		{32BB7C56-BEAD-4869-AF80-FF8A00564736}.Debug|x86.ActiveCfg = Debug|Any CPU
		{32BB7C56-BEAD-4869-AF80-FF8A00564736}.Debug|x86.Build.0 = Debug|Any CPU
		{32BB7C56-BEAD-4869-AF80-FF8A00564736}.Release|Any CPU.ActiveCfg = Release|Any CPU
		{32BB7C56-BEAD-4869-AF80-FF8A00564736}.Release|Any CPU.Build.0 = Release|Any CPU
		{32BB7C56-BEAD-4869-AF80-FF8A00564736}.Release|x64.ActiveCfg = Release|Any CPU
		{32BB7C56-BEAD-4869-AF80-FF8A00564736}.Release|x64.Build.0 = Release|Any CPU
		{32BB7C56-BEAD-4869-AF80-FF8A00564736}.Release|x86.ActiveCfg = Release|Any CPU
		{32BB7C56-BEAD-4869-AF80-FF8A00564736}.Release|x86.Build.0 = Release|Any CPU
		{3A8DE72E-FA93-4A04-BD5F-DAA78C7FF52E}.Debug|Any CPU.ActiveCfg = Debug|Any CPU
		{3A8DE72E-FA93-4A04-BD5F-DAA78C7FF52E}.Debug|Any CPU.Build.0 = Debug|Any CPU
		{3A8DE72E-FA93-4A04-BD5F-DAA78C7FF52E}.Debug|x64.ActiveCfg = Debug|Any CPU
		{3A8DE72E-FA93-4A04-BD5F-DAA78C7FF52E}.Debug|x64.Build.0 = Debug|Any CPU
		{3A8DE72E-FA93-4A04-BD5F-DAA78C7FF52E}.Debug|x86.ActiveCfg = Debug|Any CPU
		{3A8DE72E-FA93-4A04-BD5F-DAA78C7FF52E}.Debug|x86.Build.0 = Debug|Any CPU
		{3A8DE72E-FA93-4A04-BD5F-DAA78C7FF52E}.Release|Any CPU.ActiveCfg = Release|Any CPU
		{3A8DE72E-FA93-4A04-BD5F-DAA78C7FF52E}.Release|Any CPU.Build.0 = Release|Any CPU
		{3A8DE72E-FA93-4A04-BD5F-DAA78C7FF52E}.Release|x64.ActiveCfg = Release|Any CPU
		{3A8DE72E-FA93-4A04-BD5F-DAA78C7FF52E}.Release|x64.Build.0 = Release|Any CPU
		{3A8DE72E-FA93-4A04-BD5F-DAA78C7FF52E}.Release|x86.ActiveCfg = Release|Any CPU
		{3A8DE72E-FA93-4A04-BD5F-DAA78C7FF52E}.Release|x86.Build.0 = Release|Any CPU
		{52784A37-B4CE-4DB1-A754-9944423383E6}.Debug|Any CPU.ActiveCfg = Debug|Any CPU
		{52784A37-B4CE-4DB1-A754-9944423383E6}.Debug|Any CPU.Build.0 = Debug|Any CPU
		{52784A37-B4CE-4DB1-A754-9944423383E6}.Debug|x64.ActiveCfg = Debug|Any CPU
		{52784A37-B4CE-4DB1-A754-9944423383E6}.Debug|x64.Build.0 = Debug|Any CPU
		{52784A37-B4CE-4DB1-A754-9944423383E6}.Debug|x86.ActiveCfg = Debug|Any CPU
		{52784A37-B4CE-4DB1-A754-9944423383E6}.Debug|x86.Build.0 = Debug|Any CPU
		{52784A37-B4CE-4DB1-A754-9944423383E6}.Release|Any CPU.ActiveCfg = Release|Any CPU
		{52784A37-B4CE-4DB1-A754-9944423383E6}.Release|Any CPU.Build.0 = Release|Any CPU
		{52784A37-B4CE-4DB1-A754-9944423383E6}.Release|x64.ActiveCfg = Release|Any CPU
		{52784A37-B4CE-4DB1-A754-9944423383E6}.Release|x64.Build.0 = Release|Any CPU
		{52784A37-B4CE-4DB1-A754-9944423383E6}.Release|x86.ActiveCfg = Release|Any CPU
		{52784A37-B4CE-4DB1-A754-9944423383E6}.Release|x86.Build.0 = Release|Any CPU
		{11717283-4D76-482B-8A92-6C5BA1FCA705}.Debug|Any CPU.ActiveCfg = Debug|Any CPU
		{11717283-4D76-482B-8A92-6C5BA1FCA705}.Debug|Any CPU.Build.0 = Debug|Any CPU
		{11717283-4D76-482B-8A92-6C5BA1FCA705}.Debug|x64.ActiveCfg = Debug|Any CPU
		{11717283-4D76-482B-8A92-6C5BA1FCA705}.Debug|x64.Build.0 = Debug|Any CPU
		{11717283-4D76-482B-8A92-6C5BA1FCA705}.Debug|x86.ActiveCfg = Debug|Any CPU
		{11717283-4D76-482B-8A92-6C5BA1FCA705}.Debug|x86.Build.0 = Debug|Any CPU
		{11717283-4D76-482B-8A92-6C5BA1FCA705}.Release|Any CPU.ActiveCfg = Release|Any CPU
		{11717283-4D76-482B-8A92-6C5BA1FCA705}.Release|Any CPU.Build.0 = Release|Any CPU
		{11717283-4D76-482B-8A92-6C5BA1FCA705}.Release|x64.ActiveCfg = Release|Any CPU
		{11717283-4D76-482B-8A92-6C5BA1FCA705}.Release|x64.Build.0 = Release|Any CPU
		{11717283-4D76-482B-8A92-6C5BA1FCA705}.Release|x86.ActiveCfg = Release|Any CPU
		{11717283-4D76-482B-8A92-6C5BA1FCA705}.Release|x86.Build.0 = Release|Any CPU
		{A0106EA9-4B33-4E9D-958C-85880357DAA9}.Debug|Any CPU.ActiveCfg = Debug|Any CPU
		{A0106EA9-4B33-4E9D-958C-85880357DAA9}.Debug|Any CPU.Build.0 = Debug|Any CPU
		{A0106EA9-4B33-4E9D-958C-85880357DAA9}.Debug|x64.ActiveCfg = Debug|Any CPU
		{A0106EA9-4B33-4E9D-958C-85880357DAA9}.Debug|x64.Build.0 = Debug|Any CPU
		{A0106EA9-4B33-4E9D-958C-85880357DAA9}.Debug|x86.ActiveCfg = Debug|Any CPU
		{A0106EA9-4B33-4E9D-958C-85880357DAA9}.Debug|x86.Build.0 = Debug|Any CPU
		{A0106EA9-4B33-4E9D-958C-85880357DAA9}.Release|Any CPU.ActiveCfg = Release|Any CPU
		{A0106EA9-4B33-4E9D-958C-85880357DAA9}.Release|Any CPU.Build.0 = Release|Any CPU
		{A0106EA9-4B33-4E9D-958C-85880357DAA9}.Release|x64.ActiveCfg = Release|Any CPU
		{A0106EA9-4B33-4E9D-958C-85880357DAA9}.Release|x64.Build.0 = Release|Any CPU
		{A0106EA9-4B33-4E9D-958C-85880357DAA9}.Release|x86.ActiveCfg = Release|Any CPU
		{A0106EA9-4B33-4E9D-958C-85880357DAA9}.Release|x86.Build.0 = Release|Any CPU
		{DBFF2679-6D42-4220-8FD4-6055D3B32436}.Debug|Any CPU.ActiveCfg = Debug|Any CPU
		{DBFF2679-6D42-4220-8FD4-6055D3B32436}.Debug|Any CPU.Build.0 = Debug|Any CPU
		{DBFF2679-6D42-4220-8FD4-6055D3B32436}.Debug|x64.ActiveCfg = Debug|Any CPU
		{DBFF2679-6D42-4220-8FD4-6055D3B32436}.Debug|x64.Build.0 = Debug|Any CPU
		{DBFF2679-6D42-4220-8FD4-6055D3B32436}.Debug|x86.ActiveCfg = Debug|Any CPU
		{DBFF2679-6D42-4220-8FD4-6055D3B32436}.Debug|x86.Build.0 = Debug|Any CPU
		{DBFF2679-6D42-4220-8FD4-6055D3B32436}.Release|Any CPU.ActiveCfg = Release|Any CPU
		{DBFF2679-6D42-4220-8FD4-6055D3B32436}.Release|Any CPU.Build.0 = Release|Any CPU
		{DBFF2679-6D42-4220-8FD4-6055D3B32436}.Release|x64.ActiveCfg = Release|Any CPU
		{DBFF2679-6D42-4220-8FD4-6055D3B32436}.Release|x64.Build.0 = Release|Any CPU
		{DBFF2679-6D42-4220-8FD4-6055D3B32436}.Release|x86.ActiveCfg = Release|Any CPU
		{DBFF2679-6D42-4220-8FD4-6055D3B32436}.Release|x86.Build.0 = Release|Any CPU
	EndGlobalSection
	GlobalSection(SolutionProperties) = preSolution
		HideSolutionNode = FALSE
	EndGlobalSection
	GlobalSection(NestedProjects) = preSolution
		{32BB7C56-BEAD-4869-AF80-FF8A00564736} = {827E0CD3-B72D-47B6-A68D-7590B98EB39B}
		{3A8DE72E-FA93-4A04-BD5F-DAA78C7FF52E} = {827E0CD3-B72D-47B6-A68D-7590B98EB39B}
		{52784A37-B4CE-4DB1-A754-9944423383E6} = {827E0CD3-B72D-47B6-A68D-7590B98EB39B}
		{11717283-4D76-482B-8A92-6C5BA1FCA705} = {827E0CD3-B72D-47B6-A68D-7590B98EB39B}
		{A0106EA9-4B33-4E9D-958C-85880357DAA9} = {0AB3BF05-4346-4AA6-1389-037BE0695223}
		{DBFF2679-6D42-4220-8FD4-6055D3B32436} = {0AB3BF05-4346-4AA6-1389-037BE0695223}
	EndGlobalSection
EndGlobal
